
Microsoft Visual Studio Solution File, Format Version 12.00
# Visual Studio Version 17
VisualStudioVersion = 17.14.36221.1 d17.14
MinimumVisualStudioVersion = 10.0.40219.1
Project("{FAE04EC0-301F-11D3-BF4B-00C04F79EFBC}") = "WebApplication1", "WebApplication1\WebApplication1.csproj", "{1EE73D28-0B49-4EC1-85EA-CBBAC376F9F2}"
EndProject
Global
	GlobalSection(SolutionConfigurationPlatforms) = preSolution
		Debug|Any CPU = Debug|Any CPU
		Release|Any CPU = Release|Any CPU
	EndGlobalSection
	GlobalSection(ProjectConfigurationPlatforms) = postSolution
		{1EE73D28-0B49-4EC1-85EA-CBBAC376F9F2}.Debug|Any CPU.ActiveCfg = Debug|Any CPU
		{1EE73D28-0B49-4EC1-85EA-CBBAC376F9F2}.Debug|Any CPU.Build.0 = Debug|Any CPU
		{1EE73D28-0B49-4EC1-85EA-CBBAC376F9F2}.Release|Any CPU.ActiveCfg = Release|Any CPU
		{1EE73D28-0B49-4EC1-85EA-CBBAC376F9F2}.Release|Any CPU.Build.0 = Release|Any CPU
	EndGlobalSection
	GlobalSection(SolutionProperties) = preSolution
		HideSolutionNode = FALSE
	EndGlobalSection
	GlobalSection(ExtensibilityGlobals) = postSolution
		SolutionGuid = {753F12F0-1333-40B6-B286-C6C5504C9ABF}
	EndGlobalSection
EndGlobal
